// !$*UTF8*$!
{
	archiveVersion = 1;
	classes = {
	};
	objectVersion = 51;
	objects = {

/* Begin PBXBuildFile section */
		04D9CD2F49CE7ECB939C1102 /* Pods_MyTemplateProject.framework in Frameworks */ = {isa = PBXBuildFile; fileRef = 954802C722A215C21B6DC642 /* Pods_MyTemplateProject.framework */; };
		922FB12224CA750700830383 /* YZDTestResultHeader.xib in Resources */ = {isa = PBXBuildFile; fileRef = 922FB12124CA750700830383 /* YZDTestResultHeader.xib */; };
		922FB12424CA83E200830383 /* YZDTestResultDetailInfo.swift in Sources */ = {isa = PBXBuildFile; fileRef = 922FB12324CA83E100830383 /* YZDTestResultDetailInfo.swift */; };
		9238449C250B68CA000B9BE1 /* NCNRechargeNetwork.swift in Sources */ = {isa = PBXBuildFile; fileRef = 9238449B250B68CA000B9BE1 /* NCNRechargeNetwork.swift */; };
		9238449E250B6A14000B9BE1 /* ChargeVC.swift in Sources */ = {isa = PBXBuildFile; fileRef = 9238449D250B6A14000B9BE1 /* ChargeVC.swift */; };
		923844A0250B6A39000B9BE1 /* MyStudyCoinVC.swift in Sources */ = {isa = PBXBuildFile; fileRef = 9238449F250B6A39000B9BE1 /* MyStudyCoinVC.swift */; };
		923844A2250B6ECC000B9BE1 /* CommonNetwork.swift in Sources */ = {isa = PBXBuildFile; fileRef = 923844A1250B6ECC000B9BE1 /* CommonNetwork.swift */; };
		923844A5250CAFF7000B9BE1 /* ChargeCollectionCell.swift in Sources */ = {isa = PBXBuildFile; fileRef = 923844A3250CAFF7000B9BE1 /* ChargeCollectionCell.swift */; };
		923844A6250CAFF7000B9BE1 /* ChargeCollectionCell.xib in Resources */ = {isa = PBXBuildFile; fileRef = 923844A4250CAFF7000B9BE1 /* ChargeCollectionCell.xib */; };
		92384510250F161E000B9BE1 /* MyStudyCoinCell.swift in Sources */ = {isa = PBXBuildFile; fileRef = 9238450F250F161E000B9BE1 /* MyStudyCoinCell.swift */; };
		92384513250F1793000B9BE1 /* MyStudyCoinCellModel.swift in Sources */ = {isa = PBXBuildFile; fileRef = 92384512250F1793000B9BE1 /* MyStudyCoinCellModel.swift */; };
		923845182511A1F0000B9BE1 /* DYPurchaseManager.swift in Sources */ = {isa = PBXBuildFile; fileRef = 923845172511A1F0000B9BE1 /* DYPurchaseManager.swift */; };
		9238451E251316CD000B9BE1 /* ChargeNetwork.swift in Sources */ = {isa = PBXBuildFile; fileRef = 9238451D251316CC000B9BE1 /* ChargeNetwork.swift */; };
		923DC76A24C6883500CCCADC /* TestWebViewVC.swift in Sources */ = {isa = PBXBuildFile; fileRef = 923DC76924C6883400CCCADC /* TestWebViewVC.swift */; };
		923EC66524DD3B640090C577 /* TestCenterHomeVC.swift in Sources */ = {isa = PBXBuildFile; fileRef = 923EC66424DD3B640090C577 /* TestCenterHomeVC.swift */; };
		923EC66724DD3B880090C577 /* TestCenterHeaderView.swift in Sources */ = {isa = PBXBuildFile; fileRef = 923EC66624DD3B880090C577 /* TestCenterHeaderView.swift */; };
		9248D89524C57398001C426C /* YZDHomeworkChapterSectionModel.swift in Sources */ = {isa = PBXBuildFile; fileRef = 9248D89324C57398001C426C /* YZDHomeworkChapterSectionModel.swift */; };
		9248D89624C57399001C426C /* YZDHomeworkChapterSectionModel_afterWorks.swift in Sources */ = {isa = PBXBuildFile; fileRef = 9248D89424C57398001C426C /* YZDHomeworkChapterSectionModel_afterWorks.swift */; };
		9248D89C24C593C9001C426C /* YZDHomeworkQuestionModel_question.swift in Sources */ = {isa = PBXBuildFile; fileRef = 9248D89824C593C8001C426C /* YZDHomeworkQuestionModel_question.swift */; };
		9248D89D24C593C9001C426C /* YZDHomeworkQuestionModel_optionsMap.swift in Sources */ = {isa = PBXBuildFile; fileRef = 9248D89924C593C9001C426C /* YZDHomeworkQuestionModel_optionsMap.swift */; };
		9248D89E24C593C9001C426C /* YZDHomeworkQuestionModel.swift in Sources */ = {isa = PBXBuildFile; fileRef = 9248D89A24C593C9001C426C /* YZDHomeworkQuestionModel.swift */; };
		9248D89F24C593C9001C426C /* YZDHomeworkQuestionModel_optionsJson.swift in Sources */ = {isa = PBXBuildFile; fileRef = 9248D89B24C593C9001C426C /* YZDHomeworkQuestionModel_optionsJson.swift */; };
		9248D8B324C5968A001C426C /* test-html in Resources */ = {isa = PBXBuildFile; fileRef = 9248D8B224C5968A001C426C /* test-html */; };
		92631AE224B86304005A534C /* YZDHomeworkDetailHeaderView.xib in Resources */ = {isa = PBXBuildFile; fileRef = 92631AD724B86304005A534C /* YZDHomeworkDetailHeaderView.xib */; };
		92631AE424B86304005A534C /* YZDHomeworkCell.swift in Sources */ = {isa = PBXBuildFile; fileRef = 92631ADA24B86304005A534C /* YZDHomeworkCell.swift */; };
		92631AE524B86304005A534C /* YZDHomeworkDetailHeaderView.swift in Sources */ = {isa = PBXBuildFile; fileRef = 92631ADB24B86304005A534C /* YZDHomeworkDetailHeaderView.swift */; };
		92631AE624B86304005A534C /* YZDHomeworkModel.swift in Sources */ = {isa = PBXBuildFile; fileRef = 92631ADD24B86304005A534C /* YZDHomeworkModel.swift */; };
		92631AE724B86304005A534C /* YZDHomeworkDetailVC.swift in Sources */ = {isa = PBXBuildFile; fileRef = 92631ADF24B86304005A534C /* YZDHomeworkDetailVC.swift */; };
		92631AE824B86304005A534C /* YZDHomeworkVC.swift in Sources */ = {isa = PBXBuildFile; fileRef = 92631AE024B86304005A534C /* YZDHomeworkVC.swift */; };
		92631AEB24BBEDA0005A534C /* YZDTestRecordVC.swift in Sources */ = {isa = PBXBuildFile; fileRef = 92631AEA24BBEDA0005A534C /* YZDTestRecordVC.swift */; };
		92631AED24BC0DD1005A534C /* YZDHomeworkDetailCell.swift in Sources */ = {isa = PBXBuildFile; fileRef = 92631AEC24BC0DD1005A534C /* YZDHomeworkDetailCell.swift */; };
		92631AFB24BDC374005A534C /* YZDTestCollectionVC.swift in Sources */ = {isa = PBXBuildFile; fileRef = 92631AFA24BDC374005A534C /* YZDTestCollectionVC.swift */; };
		92631AFD24BDC395005A534C /* YZDTestResultVC.swift in Sources */ = {isa = PBXBuildFile; fileRef = 92631AFC24BDC395005A534C /* YZDTestResultVC.swift */; };
		92631AFF24BDC3D1005A534C /* YZDTestAnswerVC.swift in Sources */ = {isa = PBXBuildFile; fileRef = 92631AFE24BDC3D1005A534C /* YZDTestAnswerVC.swift */; };
		92631B0324BDC4D3005A534C /* YZDTestRecordCell.swift in Sources */ = {isa = PBXBuildFile; fileRef = 92631B0224BDC4D3005A534C /* YZDTestRecordCell.swift */; };
		92631B0524BDD023005A534C /* YZDTestResultCellTableViewCell.swift in Sources */ = {isa = PBXBuildFile; fileRef = 92631B0424BDD023005A534C /* YZDTestResultCellTableViewCell.swift */; };
		92631B0724BDD045005A534C /* YZDTestResultHeader.swift in Sources */ = {isa = PBXBuildFile; fileRef = 92631B0624BDD045005A534C /* YZDTestResultHeader.swift */; };
		92631B0B24BEAE8B005A534C /* YZDTestResultCell.swift in Sources */ = {isa = PBXBuildFile; fileRef = 92631B0A24BEAE8B005A534C /* YZDTestResultCell.swift */; };
		92631B3424BFF024005A534C /* HomeNetWork.m in Sources */ = {isa = PBXBuildFile; fileRef = 92631B0F24BFF024005A534C /* HomeNetWork.m */; };
		92631B3524BFF024005A534C /* MainNetwork.m in Sources */ = {isa = PBXBuildFile; fileRef = 92631B1124BFF024005A534C /* MainNetwork.m */; };
		92631B3624BFF024005A534C /* MyNetwork.m in Sources */ = {isa = PBXBuildFile; fileRef = 92631B1324BFF024005A534C /* MyNetwork.m */; };
		92631B3724BFF024005A534C /* LoginNetwork.m in Sources */ = {isa = PBXBuildFile; fileRef = 92631B1824BFF024005A534C /* LoginNetwork.m */; };
		9271C75D24E0E18B0004E82B /* TestCenterNetwork.swift in Sources */ = {isa = PBXBuildFile; fileRef = 9271C75C24E0E18B0004E82B /* TestCenterNetwork.swift */; };
		9271C75F24E0F7C00004E82B /* TestCenterChooseVC.swift in Sources */ = {isa = PBXBuildFile; fileRef = 9271C75E24E0F7C00004E82B /* TestCenterChooseVC.swift */; };
		9271C76324E3E43B0004E82B /* DYBaseNavigationVC.swift in Sources */ = {isa = PBXBuildFile; fileRef = 9271C76224E3E43B0004E82B /* DYBaseNavigationVC.swift */; };
		9271C76524E3EDC20004E82B /* TestCenterChooseModel.swift in Sources */ = {isa = PBXBuildFile; fileRef = 9271C76424E3EDC20004E82B /* TestCenterChooseModel.swift */; };
		9271C76724E4D4980004E82B /* TestCenterChapterNodeCell.swift in Sources */ = {isa = PBXBuildFile; fileRef = 9271C76624E4D4980004E82B /* TestCenterChapterNodeCell.swift */; };
		9271C76924E53B760004E82B /* TestCenterAnswerVC.swift in Sources */ = {isa = PBXBuildFile; fileRef = 9271C76824E53B760004E82B /* TestCenterAnswerVC.swift */; };
		9271C76F24E7D76F0004E82B /* APHomeVC.swift in Sources */ = {isa = PBXBuildFile; fileRef = 9271C76E24E7D76E0004E82B /* APHomeVC.swift */; };
		9271C77124E7DB900004E82B /* DYVolumeView.swift in Sources */ = {isa = PBXBuildFile; fileRef = 9271C77024E7DB900004E82B /* DYVolumeView.swift */; };
		9271C77624EB88780004E82B /* LoginVC.swift in Sources */ = {isa = PBXBuildFile; fileRef = 9271C77424EB88780004E82B /* LoginVC.swift */; };
		9271C77724EB88780004E82B /* LoginVC.xib in Resources */ = {isa = PBXBuildFile; fileRef = 9271C77524EB88780004E82B /* LoginVC.xib */; };
		9271C77924EBBA830004E82B /* SystemConfiguration.framework in Frameworks */ = {isa = PBXBuildFile; fileRef = 9271C77824EBBA830004E82B /* SystemConfiguration.framework */; };
		9271C77E24EBDCB80004E82B /* LiveVC.swift in Sources */ = {isa = PBXBuildFile; fileRef = 9271C77D24EBDCB80004E82B /* LiveVC.swift */; };
		9271C78024EBE1C50004E82B /* libz.tbd in Frameworks */ = {isa = PBXBuildFile; fileRef = 9271C77F24EBE1BF0004E82B /* libz.tbd */; };
		9271C78224EBE1F60004E82B /* libiconv.tbd in Frameworks */ = {isa = PBXBuildFile; fileRef = 9271C78124EBE1E00004E82B /* libiconv.tbd */; };
		9271C78424EBE53F0004E82B /* libbz2.tbd in Frameworks */ = {isa = PBXBuildFile; fileRef = 9271C78324EBE5390004E82B /* libbz2.tbd */; };
		9271C7AA24ECCB520004E82B /* AudioToolbox.framework in Frameworks */ = {isa = PBXBuildFile; fileRef = 9271C7A924ECCB520004E82B /* AudioToolbox.framework */; };
		9271C7AC24ECCB5A0004E82B /* VideoToolbox.framework in Frameworks */ = {isa = PBXBuildFile; fileRef = 9271C7AB24ECCB5A0004E82B /* VideoToolbox.framework */; };
		9271C7B224ECCEDB0004E82B /* OpenGLES.framework in Frameworks */ = {isa = PBXBuildFile; fileRef = 9271C7B124ECCEDB0004E82B /* OpenGLES.framework */; };
		9271C7B424ECCEEB0004E82B /* OpenAL.framework in Frameworks */ = {isa = PBXBuildFile; fileRef = 9271C7B324ECCEEB0004E82B /* OpenAL.framework */; };
		928D0C3624FFAB750030FDAB /* TestCenterResultVC.swift in Sources */ = {isa = PBXBuildFile; fileRef = 928D0C3524FFAB750030FDAB /* TestCenterResultVC.swift */; };
		928D0DBE2501DF3F0030FDAB /* TestCenterLocalChooseModel.swift in Sources */ = {isa = PBXBuildFile; fileRef = 928D0DBD2501DF3F0030FDAB /* TestCenterLocalChooseModel.swift */; };
		92EE7E2E24B8058800BF4DF7 /* AppDelegate.swift in Sources */ = {isa = PBXBuildFile; fileRef = 92EE7E2D24B8058800BF4DF7 /* AppDelegate.swift */; };
		92EE7E3024B8058800BF4DF7 /* SceneDelegate.swift in Sources */ = {isa = PBXBuildFile; fileRef = 92EE7E2F24B8058800BF4DF7 /* SceneDelegate.swift */; };
		92EE7E3224B8058800BF4DF7 /* ViewController.swift in Sources */ = {isa = PBXBuildFile; fileRef = 92EE7E3124B8058800BF4DF7 /* ViewController.swift */; };
		92EE7E3524B8058800BF4DF7 /* Main.storyboard in Resources */ = {isa = PBXBuildFile; fileRef = 92EE7E3324B8058800BF4DF7 /* Main.storyboard */; };
		92EE7E3824B8058800BF4DF7 /* MyTemplateProject.xcdatamodeld in Sources */ = {isa = PBXBuildFile; fileRef = 92EE7E3624B8058800BF4DF7 /* MyTemplateProject.xcdatamodeld */; };
		92EE7E3A24B8058D00BF4DF7 /* Assets-main.xcassets in Resources */ = {isa = PBXBuildFile; fileRef = 92EE7E3924B8058D00BF4DF7 /* Assets-main.xcassets */; };
		92EE7E3D24B8058D00BF4DF7 /* LaunchScreen.storyboard in Resources */ = {isa = PBXBuildFile; fileRef = 92EE7E3B24B8058D00BF4DF7 /* LaunchScreen.storyboard */; };
		92EE7EFB24B8570300BF4DF7 /* HomeVC.swift in Sources */ = {isa = PBXBuildFile; fileRef = 92EE7EBB24B8570200BF4DF7 /* HomeVC.swift */; };
		92EE7EFC24B8570300BF4DF7 /* MyVC.swift in Sources */ = {isa = PBXBuildFile; fileRef = 92EE7EBE24B8570200BF4DF7 /* MyVC.swift */; };
		92EE7EFD24B8570300BF4DF7 /* MyVC.xib in Resources */ = {isa = PBXBuildFile; fileRef = 92EE7EBF24B8570200BF4DF7 /* MyVC.xib */; };
		92F874AA24C13C780063F8B1 /* YZDHomeworkNetwork.swift in Sources */ = {isa = PBXBuildFile; fileRef = 92F874A924C13C780063F8B1 /* YZDHomeworkNetwork.swift */; };
		92F874AC24C19CC50063F8B1 /* YZDTestRecordCellModel.swift in Sources */ = {isa = PBXBuildFile; fileRef = 92F874AB24C19CC50063F8B1 /* YZDTestRecordCellModel.swift */; };
/* End PBXBuildFile section */

/* Begin PBXFileReference section */
		5DED31BCD404196FBE8CB7E0 /* Pods-MyTemplateProject.debug.xcconfig */ = {isa = PBXFileReference; includeInIndex = 1; lastKnownFileType = text.xcconfig; name = "Pods-MyTemplateProject.debug.xcconfig"; path = "Target Support Files/Pods-MyTemplateProject/Pods-MyTemplateProject.debug.xcconfig"; sourceTree = "<group>"; };
		922FB12124CA750700830383 /* YZDTestResultHeader.xib */ = {isa = PBXFileReference; lastKnownFileType = file.xib; path = YZDTestResultHeader.xib; sourceTree = "<group>"; };
		922FB12324CA83E100830383 /* YZDTestResultDetailInfo.swift */ = {isa = PBXFileReference; fileEncoding = 4; lastKnownFileType = sourcecode.swift; path = YZDTestResultDetailInfo.swift; sourceTree = "<group>"; };
		9238449B250B68CA000B9BE1 /* NCNRechargeNetwork.swift */ = {isa = PBXFileReference; lastKnownFileType = sourcecode.swift; path = NCNRechargeNetwork.swift; sourceTree = "<group>"; };
		9238449D250B6A14000B9BE1 /* ChargeVC.swift */ = {isa = PBXFileReference; lastKnownFileType = sourcecode.swift; path = ChargeVC.swift; sourceTree = "<group>"; };
		9238449F250B6A39000B9BE1 /* MyStudyCoinVC.swift */ = {isa = PBXFileReference; lastKnownFileType = sourcecode.swift; path = MyStudyCoinVC.swift; sourceTree = "<group>"; };
		923844A1250B6ECC000B9BE1 /* CommonNetwork.swift */ = {isa = PBXFileReference; fileEncoding = 4; lastKnownFileType = sourcecode.swift; name = CommonNetwork.swift; path = MyTemplateProject/Classes/Network/CommonNetwork.swift; sourceTree = SOURCE_ROOT; };
		923844A3250CAFF7000B9BE1 /* ChargeCollectionCell.swift */ = {isa = PBXFileReference; lastKnownFileType = sourcecode.swift; path = ChargeCollectionCell.swift; sourceTree = "<group>"; };
		923844A4250CAFF7000B9BE1 /* ChargeCollectionCell.xib */ = {isa = PBXFileReference; lastKnownFileType = file.xib; path = ChargeCollectionCell.xib; sourceTree = "<group>"; };
		9238450F250F161E000B9BE1 /* MyStudyCoinCell.swift */ = {isa = PBXFileReference; lastKnownFileType = sourcecode.swift; path = MyStudyCoinCell.swift; sourceTree = "<group>"; };
		92384512250F1793000B9BE1 /* MyStudyCoinCellModel.swift */ = {isa = PBXFileReference; lastKnownFileType = sourcecode.swift; path = MyStudyCoinCellModel.swift; sourceTree = "<group>"; };
		923845172511A1F0000B9BE1 /* DYPurchaseManager.swift */ = {isa = PBXFileReference; lastKnownFileType = sourcecode.swift; path = DYPurchaseManager.swift; sourceTree = "<group>"; };
		9238451D251316CC000B9BE1 /* ChargeNetwork.swift */ = {isa = PBXFileReference; lastKnownFileType = sourcecode.swift; path = ChargeNetwork.swift; sourceTree = "<group>"; };
		923DC76924C6883400CCCADC /* TestWebViewVC.swift */ = {isa = PBXFileReference; lastKnownFileType = sourcecode.swift; path = TestWebViewVC.swift; sourceTree = "<group>"; };
		923EC66424DD3B640090C577 /* TestCenterHomeVC.swift */ = {isa = PBXFileReference; lastKnownFileType = sourcecode.swift; path = TestCenterHomeVC.swift; sourceTree = "<group>"; };
		923EC66624DD3B880090C577 /* TestCenterHeaderView.swift */ = {isa = PBXFileReference; lastKnownFileType = sourcecode.swift; path = TestCenterHeaderView.swift; sourceTree = "<group>"; };
		9248D89324C57398001C426C /* YZDHomeworkChapterSectionModel.swift */ = {isa = PBXFileReference; fileEncoding = 4; lastKnownFileType = sourcecode.swift; path = YZDHomeworkChapterSectionModel.swift; sourceTree = "<group>"; };
		9248D89424C57398001C426C /* YZDHomeworkChapterSectionModel_afterWorks.swift */ = {isa = PBXFileReference; fileEncoding = 4; lastKnownFileType = sourcecode.swift; path = YZDHomeworkChapterSectionModel_afterWorks.swift; sourceTree = "<group>"; };
		9248D89824C593C8001C426C /* YZDHomeworkQuestionModel_question.swift */ = {isa = PBXFileReference; fileEncoding = 4; lastKnownFileType = sourcecode.swift; path = YZDHomeworkQuestionModel_question.swift; sourceTree = "<group>"; };
		9248D89924C593C9001C426C /* YZDHomeworkQuestionModel_optionsMap.swift */ = {isa = PBXFileReference; fileEncoding = 4; lastKnownFileType = sourcecode.swift; path = YZDHomeworkQuestionModel_optionsMap.swift; sourceTree = "<group>"; };
		9248D89A24C593C9001C426C /* YZDHomeworkQuestionModel.swift */ = {isa = PBXFileReference; fileEncoding = 4; lastKnownFileType = sourcecode.swift; path = YZDHomeworkQuestionModel.swift; sourceTree = "<group>"; };
		9248D89B24C593C9001C426C /* YZDHomeworkQuestionModel_optionsJson.swift */ = {isa = PBXFileReference; fileEncoding = 4; lastKnownFileType = sourcecode.swift; path = YZDHomeworkQuestionModel_optionsJson.swift; sourceTree = "<group>"; };
		9248D8B224C5968A001C426C /* test-html */ = {isa = PBXFileReference; lastKnownFileType = folder; path = "test-html"; sourceTree = "<group>"; };
		92631AD724B86304005A534C /* YZDHomeworkDetailHeaderView.xib */ = {isa = PBXFileReference; fileEncoding = 4; lastKnownFileType = file.xib; path = YZDHomeworkDetailHeaderView.xib; sourceTree = "<group>"; };
		92631ADA24B86304005A534C /* YZDHomeworkCell.swift */ = {isa = PBXFileReference; fileEncoding = 4; lastKnownFileType = sourcecode.swift; path = YZDHomeworkCell.swift; sourceTree = "<group>"; };
		92631ADB24B86304005A534C /* YZDHomeworkDetailHeaderView.swift */ = {isa = PBXFileReference; fileEncoding = 4; lastKnownFileType = sourcecode.swift; path = YZDHomeworkDetailHeaderView.swift; sourceTree = "<group>"; };
		92631ADD24B86304005A534C /* YZDHomeworkModel.swift */ = {isa = PBXFileReference; fileEncoding = 4; lastKnownFileType = sourcecode.swift; path = YZDHomeworkModel.swift; sourceTree = "<group>"; };
		92631ADF24B86304005A534C /* YZDHomeworkDetailVC.swift */ = {isa = PBXFileReference; fileEncoding = 4; lastKnownFileType = sourcecode.swift; path = YZDHomeworkDetailVC.swift; sourceTree = "<group>"; };
		92631AE024B86304005A534C /* YZDHomeworkVC.swift */ = {isa = PBXFileReference; fileEncoding = 4; lastKnownFileType = sourcecode.swift; path = YZDHomeworkVC.swift; sourceTree = "<group>"; };
		92631AEA24BBEDA0005A534C /* YZDTestRecordVC.swift */ = {isa = PBXFileReference; lastKnownFileType = sourcecode.swift; path = YZDTestRecordVC.swift; sourceTree = "<group>"; };
		92631AEC24BC0DD1005A534C /* YZDHomeworkDetailCell.swift */ = {isa = PBXFileReference; lastKnownFileType = sourcecode.swift; path = YZDHomeworkDetailCell.swift; sourceTree = "<group>"; };
		92631AFA24BDC374005A534C /* YZDTestCollectionVC.swift */ = {isa = PBXFileReference; lastKnownFileType = sourcecode.swift; path = YZDTestCollectionVC.swift; sourceTree = "<group>"; };
		92631AFC24BDC395005A534C /* YZDTestResultVC.swift */ = {isa = PBXFileReference; lastKnownFileType = sourcecode.swift; path = YZDTestResultVC.swift; sourceTree = "<group>"; };
		92631AFE24BDC3D1005A534C /* YZDTestAnswerVC.swift */ = {isa = PBXFileReference; lastKnownFileType = sourcecode.swift; path = YZDTestAnswerVC.swift; sourceTree = "<group>"; };
		92631B0224BDC4D3005A534C /* YZDTestRecordCell.swift */ = {isa = PBXFileReference; lastKnownFileType = sourcecode.swift; path = YZDTestRecordCell.swift; sourceTree = "<group>"; };
		92631B0424BDD023005A534C /* YZDTestResultCellTableViewCell.swift */ = {isa = PBXFileReference; lastKnownFileType = sourcecode.swift; path = YZDTestResultCellTableViewCell.swift; sourceTree = "<group>"; };
		92631B0624BDD045005A534C /* YZDTestResultHeader.swift */ = {isa = PBXFileReference; lastKnownFileType = sourcecode.swift; path = YZDTestResultHeader.swift; sourceTree = "<group>"; };
		92631B0A24BEAE8B005A534C /* YZDTestResultCell.swift */ = {isa = PBXFileReference; lastKnownFileType = sourcecode.swift; path = YZDTestResultCell.swift; sourceTree = "<group>"; };
		92631B0F24BFF024005A534C /* HomeNetWork.m */ = {isa = PBXFileReference; fileEncoding = 4; lastKnownFileType = sourcecode.c.objc; path = HomeNetWork.m; sourceTree = "<group>"; };
		92631B1024BFF024005A534C /* HomeNetWork.h */ = {isa = PBXFileReference; fileEncoding = 4; lastKnownFileType = sourcecode.c.h; path = HomeNetWork.h; sourceTree = "<group>"; };
		92631B1124BFF024005A534C /* MainNetwork.m */ = {isa = PBXFileReference; fileEncoding = 4; lastKnownFileType = sourcecode.c.objc; path = MainNetwork.m; sourceTree = "<group>"; };
		92631B1324BFF024005A534C /* MyNetwork.m */ = {isa = PBXFileReference; fileEncoding = 4; lastKnownFileType = sourcecode.c.objc; path = MyNetwork.m; sourceTree = "<group>"; };
		92631B1424BFF024005A534C /* MyNetwork.h */ = {isa = PBXFileReference; fileEncoding = 4; lastKnownFileType = sourcecode.c.h; path = MyNetwork.h; sourceTree = "<group>"; };
		92631B1524BFF024005A534C /* MainNetwork.h */ = {isa = PBXFileReference; fileEncoding = 4; lastKnownFileType = sourcecode.c.h; path = MainNetwork.h; sourceTree = "<group>"; };
		92631B1724BFF024005A534C /* LoginNetwork.h */ = {isa = PBXFileReference; fileEncoding = 4; lastKnownFileType = sourcecode.c.h; path = LoginNetwork.h; sourceTree = "<group>"; };
		92631B1824BFF024005A534C /* LoginNetwork.m */ = {isa = PBXFileReference; fileEncoding = 4; lastKnownFileType = sourcecode.c.objc; path = LoginNetwork.m; sourceTree = "<group>"; };
		9271C75C24E0E18B0004E82B /* TestCenterNetwork.swift */ = {isa = PBXFileReference; lastKnownFileType = sourcecode.swift; path = TestCenterNetwork.swift; sourceTree = "<group>"; };
		9271C75E24E0F7C00004E82B /* TestCenterChooseVC.swift */ = {isa = PBXFileReference; lastKnownFileType = sourcecode.swift; path = TestCenterChooseVC.swift; sourceTree = "<group>"; };
		9271C76224E3E43B0004E82B /* DYBaseNavigationVC.swift */ = {isa = PBXFileReference; lastKnownFileType = sourcecode.swift; path = DYBaseNavigationVC.swift; sourceTree = "<group>"; };
		9271C76424E3EDC20004E82B /* TestCenterChooseModel.swift */ = {isa = PBXFileReference; lastKnownFileType = sourcecode.swift; path = TestCenterChooseModel.swift; sourceTree = "<group>"; };
		9271C76624E4D4980004E82B /* TestCenterChapterNodeCell.swift */ = {isa = PBXFileReference; lastKnownFileType = sourcecode.swift; path = TestCenterChapterNodeCell.swift; sourceTree = "<group>"; };
		9271C76824E53B760004E82B /* TestCenterAnswerVC.swift */ = {isa = PBXFileReference; lastKnownFileType = sourcecode.swift; path = TestCenterAnswerVC.swift; sourceTree = "<group>"; };
		9271C76E24E7D76E0004E82B /* APHomeVC.swift */ = {isa = PBXFileReference; lastKnownFileType = sourcecode.swift; path = APHomeVC.swift; sourceTree = "<group>"; };
		9271C77024E7DB900004E82B /* DYVolumeView.swift */ = {isa = PBXFileReference; lastKnownFileType = sourcecode.swift; path = DYVolumeView.swift; sourceTree = "<group>"; };
		9271C77424EB88780004E82B /* LoginVC.swift */ = {isa = PBXFileReference; lastKnownFileType = sourcecode.swift; path = LoginVC.swift; sourceTree = "<group>"; };
		9271C77524EB88780004E82B /* LoginVC.xib */ = {isa = PBXFileReference; lastKnownFileType = file.xib; path = LoginVC.xib; sourceTree = "<group>"; };
		9271C77824EBBA830004E82B /* SystemConfiguration.framework */ = {isa = PBXFileReference; lastKnownFileType = wrapper.framework; name = SystemConfiguration.framework; path = System/Library/Frameworks/SystemConfiguration.framework; sourceTree = SDKROOT; };
		9271C77A24EBBB200004E82B /* MyTemplateProject.entitlements */ = {isa = PBXFileReference; lastKnownFileType = text.plist.entitlements; path = MyTemplateProject.entitlements; sourceTree = "<group>"; };
		9271C77D24EBDCB80004E82B /* LiveVC.swift */ = {isa = PBXFileReference; lastKnownFileType = sourcecode.swift; path = LiveVC.swift; sourceTree = "<group>"; };
		9271C77F24EBE1BF0004E82B /* libz.tbd */ = {isa = PBXFileReference; lastKnownFileType = "sourcecode.text-based-dylib-definition"; name = libz.tbd; path = usr/lib/libz.tbd; sourceTree = SDKROOT; };
		9271C78124EBE1E00004E82B /* libiconv.tbd */ = {isa = PBXFileReference; lastKnownFileType = "sourcecode.text-based-dylib-definition"; name = libiconv.tbd; path = usr/lib/libiconv.tbd; sourceTree = SDKROOT; };
		9271C78324EBE5390004E82B /* libbz2.tbd */ = {isa = PBXFileReference; lastKnownFileType = "sourcecode.text-based-dylib-definition"; name = libbz2.tbd; path = usr/lib/libbz2.tbd; sourceTree = SDKROOT; };
		9271C7A924ECCB520004E82B /* AudioToolbox.framework */ = {isa = PBXFileReference; lastKnownFileType = wrapper.framework; name = AudioToolbox.framework; path = System/Library/Frameworks/AudioToolbox.framework; sourceTree = SDKROOT; };
		9271C7AB24ECCB5A0004E82B /* VideoToolbox.framework */ = {isa = PBXFileReference; lastKnownFileType = wrapper.framework; name = VideoToolbox.framework; path = System/Library/Frameworks/VideoToolbox.framework; sourceTree = SDKROOT; };
		9271C7AD24ECCB8C0004E82B /* NCNLivingSDK.framework */ = {isa = PBXFileReference; explicitFileType = wrapper.framework; path = NCNLivingSDK.framework; sourceTree = BUILT_PRODUCTS_DIR; };
		9271C7B124ECCEDB0004E82B /* OpenGLES.framework */ = {isa = PBXFileReference; lastKnownFileType = wrapper.framework; name = OpenGLES.framework; path = System/Library/Frameworks/OpenGLES.framework; sourceTree = SDKROOT; };
		9271C7B324ECCEEB0004E82B /* OpenAL.framework */ = {isa = PBXFileReference; lastKnownFileType = wrapper.framework; name = OpenAL.framework; path = System/Library/Frameworks/OpenAL.framework; sourceTree = SDKROOT; };
		928D0C3524FFAB750030FDAB /* TestCenterResultVC.swift */ = {isa = PBXFileReference; lastKnownFileType = sourcecode.swift; path = TestCenterResultVC.swift; sourceTree = "<group>"; };
		928D0DBD2501DF3F0030FDAB /* TestCenterLocalChooseModel.swift */ = {isa = PBXFileReference; lastKnownFileType = sourcecode.swift; path = TestCenterLocalChooseModel.swift; sourceTree = "<group>"; };
		92EE7E2A24B8058800BF4DF7 /* MyTemplateProject.app */ = {isa = PBXFileReference; explicitFileType = wrapper.application; includeInIndex = 0; path = MyTemplateProject.app; sourceTree = BUILT_PRODUCTS_DIR; };
		92EE7E2D24B8058800BF4DF7 /* AppDelegate.swift */ = {isa = PBXFileReference; lastKnownFileType = sourcecode.swift; path = AppDelegate.swift; sourceTree = "<group>"; };
		92EE7E2F24B8058800BF4DF7 /* SceneDelegate.swift */ = {isa = PBXFileReference; lastKnownFileType = sourcecode.swift; path = SceneDelegate.swift; sourceTree = "<group>"; };
		92EE7E3124B8058800BF4DF7 /* ViewController.swift */ = {isa = PBXFileReference; lastKnownFileType = sourcecode.swift; path = ViewController.swift; sourceTree = "<group>"; };
		92EE7E3424B8058800BF4DF7 /* Base */ = {isa = PBXFileReference; lastKnownFileType = file.storyboard; name = Base; path = Base.lproj/Main.storyboard; sourceTree = "<group>"; };
		92EE7E3724B8058800BF4DF7 /* MyTemplateProject.xcdatamodel */ = {isa = PBXFileReference; lastKnownFileType = wrapper.xcdatamodel; path = MyTemplateProject.xcdatamodel; sourceTree = "<group>"; };
		92EE7E3924B8058D00BF4DF7 /* Assets-main.xcassets */ = {isa = PBXFileReference; lastKnownFileType = folder.assetcatalog; path = "Assets-main.xcassets"; sourceTree = "<group>"; };
		92EE7E3C24B8058D00BF4DF7 /* Base */ = {isa = PBXFileReference; lastKnownFileType = file.storyboard; name = Base; path = Base.lproj/LaunchScreen.storyboard; sourceTree = "<group>"; };
		92EE7E3E24B8058D00BF4DF7 /* Info.plist */ = {isa = PBXFileReference; lastKnownFileType = text.plist.xml; path = Info.plist; sourceTree = "<group>"; };
		92EE7EA824B81AC400BF4DF7 /* OC-bridge-header.h */ = {isa = PBXFileReference; lastKnownFileType = sourcecode.c.h; path = "OC-bridge-header.h"; sourceTree = "<group>"; };
		92EE7EAA24B81D0D00BF4DF7 /* PrefixHeader.pch */ = {isa = PBXFileReference; lastKnownFileType = sourcecode.c.h; path = PrefixHeader.pch; sourceTree = "<group>"; };
		92EE7EBB24B8570200BF4DF7 /* HomeVC.swift */ = {isa = PBXFileReference; fileEncoding = 4; lastKnownFileType = sourcecode.swift; path = HomeVC.swift; sourceTree = "<group>"; };
		92EE7EBE24B8570200BF4DF7 /* MyVC.swift */ = {isa = PBXFileReference; fileEncoding = 4; lastKnownFileType = sourcecode.swift; path = MyVC.swift; sourceTree = "<group>"; };
		92EE7EBF24B8570200BF4DF7 /* MyVC.xib */ = {isa = PBXFileReference; fileEncoding = 4; lastKnownFileType = file.xib; path = MyVC.xib; sourceTree = "<group>"; };
		92F874A924C13C780063F8B1 /* YZDHomeworkNetwork.swift */ = {isa = PBXFileReference; lastKnownFileType = sourcecode.swift; path = YZDHomeworkNetwork.swift; sourceTree = "<group>"; };
		92F874AB24C19CC50063F8B1 /* YZDTestRecordCellModel.swift */ = {isa = PBXFileReference; lastKnownFileType = sourcecode.swift; path = YZDTestRecordCellModel.swift; sourceTree = "<group>"; };
		954802C722A215C21B6DC642 /* Pods_MyTemplateProject.framework */ = {isa = PBXFileReference; explicitFileType = wrapper.framework; includeInIndex = 0; path = Pods_MyTemplateProject.framework; sourceTree = BUILT_PRODUCTS_DIR; };
		EA9EC7382AF665F2C02C2AAE /* Pods-MyTemplateProject.release.xcconfig */ = {isa = PBXFileReference; includeInIndex = 1; lastKnownFileType = text.xcconfig; name = "Pods-MyTemplateProject.release.xcconfig"; path = "Target Support Files/Pods-MyTemplateProject/Pods-MyTemplateProject.release.xcconfig"; sourceTree = "<group>"; };
/* End PBXFileReference section */

/* Begin PBXFrameworksBuildPhase section */
		92EE7E2724B8058800BF4DF7 /* Frameworks */ = {
			isa = PBXFrameworksBuildPhase;
			buildActionMask = 2147483647;
			files = (
				9271C77924EBBA830004E82B /* SystemConfiguration.framework in Frameworks */,
				9271C7AC24ECCB5A0004E82B /* VideoToolbox.framework in Frameworks */,
				9271C78424EBE53F0004E82B /* libbz2.tbd in Frameworks */,
				9271C7B224ECCEDB0004E82B /* OpenGLES.framework in Frameworks */,
				9271C78024EBE1C50004E82B /* libz.tbd in Frameworks */,
				9271C78224EBE1F60004E82B /* libiconv.tbd in Frameworks */,
				9271C7B424ECCEEB0004E82B /* OpenAL.framework in Frameworks */,
				04D9CD2F49CE7ECB939C1102 /* Pods_MyTemplateProject.framework in Frameworks */,
				9271C7AA24ECCB520004E82B /* AudioToolbox.framework in Frameworks */,
			);
			runOnlyForDeploymentPostprocessing = 0;
		};
/* End PBXFrameworksBuildPhase section */

/* Begin PBXGroup section */
		201F605C6E64C7101DA0E546 /* Pods */ = {
			isa = PBXGroup;
			children = (
				5DED31BCD404196FBE8CB7E0 /* Pods-MyTemplateProject.debug.xcconfig */,
				EA9EC7382AF665F2C02C2AAE /* Pods-MyTemplateProject.release.xcconfig */,
			);
			path = Pods;
			sourceTree = "<group>";
		};
		92384497250B6857000B9BE1 /* Recharge */ = {
			isa = PBXGroup;
			children = (
				923845162511A151000B9BE1 /* Other */,
				92384511250F1779000B9BE1 /* Model */,
				9238449A250B689F000B9BE1 /* Network */,
				92384499250B6893000B9BE1 /* View */,
				92384498250B6884000B9BE1 /* VC */,
			);
			path = Recharge;
			sourceTree = "<group>";
		};
		92384498250B6884000B9BE1 /* VC */ = {
			isa = PBXGroup;
			children = (
				9238449D250B6A14000B9BE1 /* ChargeVC.swift */,
				9238449F250B6A39000B9BE1 /* MyStudyCoinVC.swift */,
			);
			path = VC;
			sourceTree = "<group>";
		};
		92384499250B6893000B9BE1 /* View */ = {
			isa = PBXGroup;
			children = (
				923844A3250CAFF7000B9BE1 /* ChargeCollectionCell.swift */,
				923844A4250CAFF7000B9BE1 /* ChargeCollectionCell.xib */,
				9238450F250F161E000B9BE1 /* MyStudyCoinCell.swift */,
			);
			path = View;
			sourceTree = "<group>";
		};
		9238449A250B689F000B9BE1 /* Network */ = {
			isa = PBXGroup;
			children = (
				9238449B250B68CA000B9BE1 /* NCNRechargeNetwork.swift */,
			);
			path = Network;
			sourceTree = "<group>";
		};
		92384511250F1779000B9BE1 /* Model */ = {
			isa = PBXGroup;
			children = (
				92384512250F1793000B9BE1 /* MyStudyCoinCellModel.swift */,
			);
			path = Model;
			sourceTree = "<group>";
		};
		923845162511A151000B9BE1 /* Other */ = {
			isa = PBXGroup;
			children = (
				923845172511A1F0000B9BE1 /* DYPurchaseManager.swift */,
				9238451D251316CC000B9BE1 /* ChargeNetwork.swift */,
			);
			path = Other;
			sourceTree = "<group>";
		};
		923EC66024DD3AE40090C577 /* TestCenter */ = {
			isa = PBXGroup;
			children = (
				924FE3E224ED26D500101AB1 /* Network */,
				923EC66324DD3B0F0090C577 /* Model */,
				923EC66224DD3B0B0090C577 /* View */,
				923EC66124DD3B050090C577 /* VC */,
			);
			path = TestCenter;
			sourceTree = "<group>";
		};
		923EC66124DD3B050090C577 /* VC */ = {
			isa = PBXGroup;
			children = (
				923EC66424DD3B640090C577 /* TestCenterHomeVC.swift */,
				9271C75E24E0F7C00004E82B /* TestCenterChooseVC.swift */,
				9271C76824E53B760004E82B /* TestCenterAnswerVC.swift */,
				928D0C3524FFAB750030FDAB /* TestCenterResultVC.swift */,
			);
			path = VC;
			sourceTree = "<group>";
		};
		923EC66224DD3B0B0090C577 /* View */ = {
			isa = PBXGroup;
			children = (
				923EC66624DD3B880090C577 /* TestCenterHeaderView.swift */,
				9271C76624E4D4980004E82B /* TestCenterChapterNodeCell.swift */,
			);
			path = View;
			sourceTree = "<group>";
		};
		923EC66324DD3B0F0090C577 /* Model */ = {
			isa = PBXGroup;
			children = (
				9271C76424E3EDC20004E82B /* TestCenterChooseModel.swift */,
				928D0DBD2501DF3F0030FDAB /* TestCenterLocalChooseModel.swift */,
			);
			path = Model;
			sourceTree = "<group>";
		};
		9248D89724C593B4001C426C /* Test */ = {
			isa = PBXGroup;
			children = (
				9248D89B24C593C9001C426C /* YZDHomeworkQuestionModel_optionsJson.swift */,
				9248D89924C593C9001C426C /* YZDHomeworkQuestionModel_optionsMap.swift */,
				9248D89824C593C8001C426C /* YZDHomeworkQuestionModel_question.swift */,
				9248D89A24C593C9001C426C /* YZDHomeworkQuestionModel.swift */,
			);
			path = Test;
			sourceTree = "<group>";
		};
		9248D8A024C5962E001C426C /* Other */ = {
			isa = PBXGroup;
			children = (
				9248D8B224C5968A001C426C /* test-html */,
			);
			path = Other;
			sourceTree = "<group>";
		};
		924FE3E224ED26D500101AB1 /* Network */ = {
			isa = PBXGroup;
			children = (
				9271C75C24E0E18B0004E82B /* TestCenterNetwork.swift */,
			);
			path = Network;
			sourceTree = "<group>";
		};
		924FE3E324ED26E300101AB1 /* Network */ = {
			isa = PBXGroup;
			children = (
				92F874A924C13C780063F8B1 /* YZDHomeworkNetwork.swift */,
			);
			path = Network;
			sourceTree = "<group>";
		};
		92631AD424B85BF1005A534C /* Homework */ = {
			isa = PBXGroup;
			children = (
				924FE3E324ED26E300101AB1 /* Network */,
				9248D8A024C5962E001C426C /* Other */,
				92631ADC24B86304005A534C /* Model */,
				92631ADE24B86304005A534C /* VC */,
				92631AD624B86304005A534C /* View */,
			);
			path = Homework;
			sourceTree = "<group>";
		};
		92631AD624B86304005A534C /* View */ = {
			isa = PBXGroup;
			children = (
				92631AD724B86304005A534C /* YZDHomeworkDetailHeaderView.xib */,
				92631AD924B86304005A534C /* Cell */,
				92631ADB24B86304005A534C /* YZDHomeworkDetailHeaderView.swift */,
				92631B0624BDD045005A534C /* YZDTestResultHeader.swift */,
				922FB12124CA750700830383 /* YZDTestResultHeader.xib */,
			);
			path = View;
			sourceTree = "<group>";
		};
		92631AD924B86304005A534C /* Cell */ = {
			isa = PBXGroup;
			children = (
				92631ADA24B86304005A534C /* YZDHomeworkCell.swift */,
				92631AEC24BC0DD1005A534C /* YZDHomeworkDetailCell.swift */,
				92631B0224BDC4D3005A534C /* YZDTestRecordCell.swift */,
				92631B0424BDD023005A534C /* YZDTestResultCellTableViewCell.swift */,
				92631B0A24BEAE8B005A534C /* YZDTestResultCell.swift */,
			);
			path = Cell;
			sourceTree = "<group>";
		};
		92631ADC24B86304005A534C /* Model */ = {
			isa = PBXGroup;
			children = (
				922FB12324CA83E100830383 /* YZDTestResultDetailInfo.swift */,
				9248D89724C593B4001C426C /* Test */,
				9248D89424C57398001C426C /* YZDHomeworkChapterSectionModel_afterWorks.swift */,
				9248D89324C57398001C426C /* YZDHomeworkChapterSectionModel.swift */,
				92F874AB24C19CC50063F8B1 /* YZDTestRecordCellModel.swift */,
				92631ADD24B86304005A534C /* YZDHomeworkModel.swift */,
			);
			path = Model;
			sourceTree = "<group>";
		};
		92631ADE24B86304005A534C /* VC */ = {
			isa = PBXGroup;
			children = (
				92631AE024B86304005A534C /* YZDHomeworkVC.swift */,
				92631ADF24B86304005A534C /* YZDHomeworkDetailVC.swift */,
				92631AEA24BBEDA0005A534C /* YZDTestRecordVC.swift */,
				92631AFA24BDC374005A534C /* YZDTestCollectionVC.swift */,
				92631AFC24BDC395005A534C /* YZDTestResultVC.swift */,
				92631AFE24BDC3D1005A534C /* YZDTestAnswerVC.swift */,
			);
			path = VC;
			sourceTree = "<group>";
		};
		92631B0C24BFF023005A534C /* Network */ = {
			isa = PBXGroup;
			children = (
				92631B0D24BFF024005A534C /* Module */,
			);
			path = Network;
			sourceTree = "<group>";
		};
		92631B0D24BFF024005A534C /* Module */ = {
			isa = PBXGroup;
			children = (
				923844A1250B6ECC000B9BE1 /* CommonNetwork.swift */,
				9271C75B24E0E1640004E82B /* TestCenter */,
				92F874A824C13C250063F8B1 /* YZDHomework */,
				92631B0E24BFF024005A534C /* Home */,
				92631B1524BFF024005A534C /* MainNetwork.h */,
				92631B1124BFF024005A534C /* MainNetwork.m */,
				92631B1224BFF024005A534C /* My */,
				92631B1624BFF024005A534C /* Login */,
			);
			path = Module;
			sourceTree = "<group>";
		};
		92631B0E24BFF024005A534C /* Home */ = {
			isa = PBXGroup;
			children = (
				92631B0F24BFF024005A534C /* HomeNetWork.m */,
				92631B1024BFF024005A534C /* HomeNetWork.h */,
			);
			path = Home;
			sourceTree = "<group>";
		};
		92631B1224BFF024005A534C /* My */ = {
			isa = PBXGroup;
			children = (
				92631B1324BFF024005A534C /* MyNetwork.m */,
				92631B1424BFF024005A534C /* MyNetwork.h */,
			);
			path = My;
			sourceTree = "<group>";
		};
		92631B1624BFF024005A534C /* Login */ = {
			isa = PBXGroup;
			children = (
				92631B1724BFF024005A534C /* LoginNetwork.h */,
				92631B1824BFF024005A534C /* LoginNetwork.m */,
			);
			path = Login;
			sourceTree = "<group>";
		};
		9271C75B24E0E1640004E82B /* TestCenter */ = {
			isa = PBXGroup;
			children = (
			);
			path = TestCenter;
			sourceTree = "<group>";
		};
		9271C76024E3E4180004E82B /* Base */ = {
			isa = PBXGroup;
			children = (
				9271C76124E3E4230004E82B /* VC */,
			);
			path = Base;
			sourceTree = "<group>";
		};
		9271C76124E3E4230004E82B /* VC */ = {
			isa = PBXGroup;
			children = (
				9271C76224E3E43B0004E82B /* DYBaseNavigationVC.swift */,
			);
			path = VC;
			sourceTree = "<group>";
		};
		9271C76B24E7D6B50004E82B /* AirPlay */ = {
			isa = PBXGroup;
			children = (
				9271C76D24E7D6CE0004E82B /* View */,
				9271C76C24E7D6C70004E82B /* VC */,
			);
			path = AirPlay;
			sourceTree = "<group>";
		};
		9271C76C24E7D6C70004E82B /* VC */ = {
			isa = PBXGroup;
			children = (
				9271C76E24E7D76E0004E82B /* APHomeVC.swift */,
			);
			path = VC;
			sourceTree = "<group>";
		};
		9271C76D24E7D6CE0004E82B /* View */ = {
			isa = PBXGroup;
			children = (
				9271C77024E7DB900004E82B /* DYVolumeView.swift */,
			);
			path = View;
			sourceTree = "<group>";
		};
		9271C77B24EBDC910004E82B /* Live */ = {
			isa = PBXGroup;
			children = (
				9271C77C24EBDCA50004E82B /* VC */,
			);
			path = Live;
			sourceTree = "<group>";
		};
		9271C77C24EBDCA50004E82B /* VC */ = {
			isa = PBXGroup;
			children = (
				9271C77D24EBDCB80004E82B /* LiveVC.swift */,
			);
			path = VC;
			sourceTree = "<group>";
		};
		92EE7E2124B8058800BF4DF7 = {
			isa = PBXGroup;
			children = (
				92EE7E2C24B8058800BF4DF7 /* MyTemplateProject */,
				92EE7E2B24B8058800BF4DF7 /* Products */,
				201F605C6E64C7101DA0E546 /* Pods */,
				932F1271B2F9324CB01E2FED /* Frameworks */,
			);
			sourceTree = "<group>";
		};
		92EE7E2B24B8058800BF4DF7 /* Products */ = {
			isa = PBXGroup;
			children = (
				92EE7E2A24B8058800BF4DF7 /* MyTemplateProject.app */,
			);
			name = Products;
			sourceTree = "<group>";
		};
		92EE7E2C24B8058800BF4DF7 /* MyTemplateProject */ = {
			isa = PBXGroup;
			children = (
				9271C77A24EBBB200004E82B /* MyTemplateProject.entitlements */,
				92EE7EB724B8570200BF4DF7 /* Classes */,
				92EE7EFA24B8570200BF4DF7 /* Resources */,
				92EE7E2D24B8058800BF4DF7 /* AppDelegate.swift */,
				92EE7E2F24B8058800BF4DF7 /* SceneDelegate.swift */,
				92EE7E3124B8058800BF4DF7 /* ViewController.swift */,
				92EE7E3324B8058800BF4DF7 /* Main.storyboard */,
				92EE7E3924B8058D00BF4DF7 /* Assets-main.xcassets */,
				92EE7E3B24B8058D00BF4DF7 /* LaunchScreen.storyboard */,
				92EE7E3E24B8058D00BF4DF7 /* Info.plist */,
				92EE7E3624B8058800BF4DF7 /* MyTemplateProject.xcdatamodeld */,
				92EE7EA824B81AC400BF4DF7 /* OC-bridge-header.h */,
				92EE7EAA24B81D0D00BF4DF7 /* PrefixHeader.pch */,
			);
			path = MyTemplateProject;
			sourceTree = "<group>";
		};
		92EE7EB724B8570200BF4DF7 /* Classes */ = {
			isa = PBXGroup;
			children = (
				92631B0C24BFF023005A534C /* Network */,
				92EE7EB824B8570200BF4DF7 /* Module */,
			);
			path = Classes;
			sourceTree = "<group>";
		};
		92EE7EB824B8570200BF4DF7 /* Module */ = {
			isa = PBXGroup;
			children = (
				92384497250B6857000B9BE1 /* Recharge */,
				9271C77B24EBDC910004E82B /* Live */,
				9271C76B24E7D6B50004E82B /* AirPlay */,
				9271C76024E3E4180004E82B /* Base */,
				923EC66024DD3AE40090C577 /* TestCenter */,
				92631AD424B85BF1005A534C /* Homework */,
				92EE7EB924B8570200BF4DF7 /* Home */,
				92EE7EBC24B8570200BF4DF7 /* My */,
			);
			path = Module;
			sourceTree = "<group>";
		};
		92EE7EB924B8570200BF4DF7 /* Home */ = {
			isa = PBXGroup;
			children = (
				92EE7EBA24B8570200BF4DF7 /* VC */,
			);
			path = Home;
			sourceTree = "<group>";
		};
		92EE7EBA24B8570200BF4DF7 /* VC */ = {
			isa = PBXGroup;
			children = (
				92EE7EBB24B8570200BF4DF7 /* HomeVC.swift */,
				923DC76924C6883400CCCADC /* TestWebViewVC.swift */,
			);
			path = VC;
			sourceTree = "<group>";
		};
		92EE7EBC24B8570200BF4DF7 /* My */ = {
			isa = PBXGroup;
			children = (
				92EE7EBD24B8570200BF4DF7 /* VC */,
			);
			path = My;
			sourceTree = "<group>";
		};
		92EE7EBD24B8570200BF4DF7 /* VC */ = {
			isa = PBXGroup;
			children = (
				92EE7EBE24B8570200BF4DF7 /* MyVC.swift */,
				92EE7EBF24B8570200BF4DF7 /* MyVC.xib */,
				9271C77424EB88780004E82B /* LoginVC.swift */,
				9271C77524EB88780004E82B /* LoginVC.xib */,
			);
			path = VC;
			sourceTree = "<group>";
		};
		92EE7EFA24B8570200BF4DF7 /* Resources */ = {
			isa = PBXGroup;
			children = (
			);
			path = Resources;
			sourceTree = "<group>";
		};
		92F874A824C13C250063F8B1 /* YZDHomework */ = {
			isa = PBXGroup;
			children = (
			);
			path = YZDHomework;
			sourceTree = "<group>";
		};
		932F1271B2F9324CB01E2FED /* Frameworks */ = {
			isa = PBXGroup;
			children = (
				9271C7B324ECCEEB0004E82B /* OpenAL.framework */,
				9271C7B124ECCEDB0004E82B /* OpenGLES.framework */,
				9271C7AD24ECCB8C0004E82B /* NCNLivingSDK.framework */,
				9271C7AB24ECCB5A0004E82B /* VideoToolbox.framework */,
				9271C7A924ECCB520004E82B /* AudioToolbox.framework */,
				9271C78324EBE5390004E82B /* libbz2.tbd */,
				9271C78124EBE1E00004E82B /* libiconv.tbd */,
				9271C77F24EBE1BF0004E82B /* libz.tbd */,
				9271C77824EBBA830004E82B /* SystemConfiguration.framework */,
				954802C722A215C21B6DC642 /* Pods_MyTemplateProject.framework */,
			);
			name = Frameworks;
			sourceTree = "<group>";
		};
/* End PBXGroup section */

/* Begin PBXNativeTarget section */
		92EE7E2924B8058800BF4DF7 /* MyTemplateProject */ = {
			isa = PBXNativeTarget;
			buildConfigurationList = 92EE7E4124B8058D00BF4DF7 /* Build configuration list for PBXNativeTarget "MyTemplateProject" */;
			buildPhases = (
				ED6FB33986B72F3108DFFF6F /* [CP] Check Pods Manifest.lock */,
				92EE7E2624B8058800BF4DF7 /* Sources */,
				92EE7E2724B8058800BF4DF7 /* Frameworks */,
				92EE7E2824B8058800BF4DF7 /* Resources */,
				1E820C8D7AC66AD1F854AFE4 /* [CP] Embed Pods Frameworks */,
				2A2813C24C19D31EFDA7036F /* [CP] Copy Pods Resources */,
			);
			buildRules = (
			);
			dependencies = (
			);
			name = MyTemplateProject;
			productName = MyTemplateProject;
			productReference = 92EE7E2A24B8058800BF4DF7 /* MyTemplateProject.app */;
			productType = "com.apple.product-type.application";
		};
/* End PBXNativeTarget section */

/* Begin PBXProject section */
		92EE7E2224B8058800BF4DF7 /* Project object */ = {
			isa = PBXProject;
			attributes = {
				LastSwiftUpdateCheck = 1150;
				LastUpgradeCheck = 1200;
				ORGANIZATIONNAME = "汪宁";
				TargetAttributes = {
					92EE7E2924B8058800BF4DF7 = {
						CreatedOnToolsVersion = 11.5;
					};
				};
			};
			buildConfigurationList = 92EE7E2524B8058800BF4DF7 /* Build configuration list for PBXProject "MyTemplateProject" */;
			compatibilityVersion = "Xcode 9.3";
			developmentRegion = en;
			hasScannedForEncodings = 0;
			knownRegions = (
				en,
				Base,
			);
			mainGroup = 92EE7E2124B8058800BF4DF7;
			productRefGroup = 92EE7E2B24B8058800BF4DF7 /* Products */;
			projectDirPath = "";
			projectRoot = "";
			targets = (
				92EE7E2924B8058800BF4DF7 /* MyTemplateProject */,
			);
		};
/* End PBXProject section */

/* Begin PBXResourcesBuildPhase section */
		92EE7E2824B8058800BF4DF7 /* Resources */ = {
			isa = PBXResourcesBuildPhase;
			buildActionMask = 2147483647;
			files = (
				92EE7EFD24B8570300BF4DF7 /* MyVC.xib in Resources */,
				92631AE224B86304005A534C /* YZDHomeworkDetailHeaderView.xib in Resources */,
				9248D8B324C5968A001C426C /* test-html in Resources */,
				92EE7E3D24B8058D00BF4DF7 /* LaunchScreen.storyboard in Resources */,
				92EE7E3A24B8058D00BF4DF7 /* Assets-main.xcassets in Resources */,
				923844A6250CAFF7000B9BE1 /* ChargeCollectionCell.xib in Resources */,
				922FB12224CA750700830383 /* YZDTestResultHeader.xib in Resources */,
				9271C77724EB88780004E82B /* LoginVC.xib in Resources */,
				92EE7E3524B8058800BF4DF7 /* Main.storyboard in Resources */,
			);
			runOnlyForDeploymentPostprocessing = 0;
		};
/* End PBXResourcesBuildPhase section */

/* Begin PBXShellScriptBuildPhase section */
		1E820C8D7AC66AD1F854AFE4 /* [CP] Embed Pods Frameworks */ = {
			isa = PBXShellScriptBuildPhase;
			buildActionMask = 2147483647;
			files = (
			);
			inputFileListPaths = (
				"${PODS_ROOT}/Target Support Files/Pods-MyTemplateProject/Pods-MyTemplateProject-frameworks-${CONFIGURATION}-input-files.xcfilelist",
			);
			name = "[CP] Embed Pods Frameworks";
			outputFileListPaths = (
				"${PODS_ROOT}/Target Support Files/Pods-MyTemplateProject/Pods-MyTemplateProject-frameworks-${CONFIGURATION}-output-files.xcfilelist",
			);
			runOnlyForDeploymentPostprocessing = 0;
			shellPath = /bin/sh;
			shellScript = "\"${PODS_ROOT}/Target Support Files/Pods-MyTemplateProject/Pods-MyTemplateProject-frameworks.sh\"\n";
			showEnvVarsInLog = 0;
		};
		2A2813C24C19D31EFDA7036F /* [CP] Copy Pods Resources */ = {
			isa = PBXShellScriptBuildPhase;
			buildActionMask = 2147483647;
			files = (
			);
			inputFileListPaths = (
				"${PODS_ROOT}/Target Support Files/Pods-MyTemplateProject/Pods-MyTemplateProject-resources-${CONFIGURATION}-input-files.xcfilelist",
			);
			name = "[CP] Copy Pods Resources";
			outputFileListPaths = (
				"${PODS_ROOT}/Target Support Files/Pods-MyTemplateProject/Pods-MyTemplateProject-resources-${CONFIGURATION}-output-files.xcfilelist",
			);
			runOnlyForDeploymentPostprocessing = 0;
			shellPath = /bin/sh;
			shellScript = "\"${PODS_ROOT}/Target Support Files/Pods-MyTemplateProject/Pods-MyTemplateProject-resources.sh\"\n";
			showEnvVarsInLog = 0;
		};
		ED6FB33986B72F3108DFFF6F /* [CP] Check Pods Manifest.lock */ = {
			isa = PBXShellScriptBuildPhase;
			buildActionMask = 2147483647;
			files = (
			);
			inputFileListPaths = (
			);
			inputPaths = (
				"${PODS_PODFILE_DIR_PATH}/Podfile.lock",
				"${PODS_ROOT}/Manifest.lock",
			);
			name = "[CP] Check Pods Manifest.lock";
			outputFileListPaths = (
			);
			outputPaths = (
				"$(DERIVED_FILE_DIR)/Pods-MyTemplateProject-checkManifestLockResult.txt",
			);
			runOnlyForDeploymentPostprocessing = 0;
			shellPath = /bin/sh;
			shellScript = "diff \"${PODS_PODFILE_DIR_PATH}/Podfile.lock\" \"${PODS_ROOT}/Manifest.lock\" > /dev/null\nif [ $? != 0 ] ; then\n    # print error to STDERR\n    echo \"error: The sandbox is not in sync with the Podfile.lock. Run 'pod install' or update your CocoaPods installation.\" >&2\n    exit 1\nfi\n# This output is used by Xcode 'outputs' to avoid re-running this script phase.\necho \"SUCCESS\" > \"${SCRIPT_OUTPUT_FILE_0}\"\n";
			showEnvVarsInLog = 0;
		};
/* End PBXShellScriptBuildPhase section */

/* Begin PBXSourcesBuildPhase section */
		92EE7E2624B8058800BF4DF7 /* Sources */ = {
			isa = PBXSourcesBuildPhase;
			buildActionMask = 2147483647;
			files = (
				92631AFD24BDC395005A534C /* YZDTestResultVC.swift in Sources */,
				92631AE824B86304005A534C /* YZDHomeworkVC.swift in Sources */,
				9271C75F24E0F7C00004E82B /* TestCenterChooseVC.swift in Sources */,
				92631AE624B86304005A534C /* YZDHomeworkModel.swift in Sources */,
				9271C76324E3E43B0004E82B /* DYBaseNavigationVC.swift in Sources */,
				92631B3424BFF024005A534C /* HomeNetWork.m in Sources */,
				9248D89524C57398001C426C /* YZDHomeworkChapterSectionModel.swift in Sources */,
				923845182511A1F0000B9BE1 /* DYPurchaseManager.swift in Sources */,
				92EE7E3224B8058800BF4DF7 /* ViewController.swift in Sources */,
				92631B3524BFF024005A534C /* MainNetwork.m in Sources */,
				92631B3724BFF024005A534C /* LoginNetwork.m in Sources */,
				92EE7EFB24B8570300BF4DF7 /* HomeVC.swift in Sources */,
				9248D89C24C593C9001C426C /* YZDHomeworkQuestionModel_question.swift in Sources */,
				928D0C3624FFAB750030FDAB /* TestCenterResultVC.swift in Sources */,
				92EE7E2E24B8058800BF4DF7 /* AppDelegate.swift in Sources */,
				9271C77124E7DB900004E82B /* DYVolumeView.swift in Sources */,
				9271C76724E4D4980004E82B /* TestCenterChapterNodeCell.swift in Sources */,
				92631AEB24BBEDA0005A534C /* YZDTestRecordVC.swift in Sources */,
				9238451E251316CD000B9BE1 /* ChargeNetwork.swift in Sources */,
				92EE7E3024B8058800BF4DF7 /* SceneDelegate.swift in Sources */,
				92384513250F1793000B9BE1 /* MyStudyCoinCellModel.swift in Sources */,
				923844A2250B6ECC000B9BE1 /* CommonNetwork.swift in Sources */,
				9248D89E24C593C9001C426C /* YZDHomeworkQuestionModel.swift in Sources */,
				923844A5250CAFF7000B9BE1 /* ChargeCollectionCell.swift in Sources */,
				92F874AC24C19CC50063F8B1 /* YZDTestRecordCellModel.swift in Sources */,
				9271C76524E3EDC20004E82B /* TestCenterChooseModel.swift in Sources */,
				9238449C250B68CA000B9BE1 /* NCNRechargeNetwork.swift in Sources */,
				92631B0724BDD045005A534C /* YZDTestResultHeader.swift in Sources */,
				92631B0B24BEAE8B005A534C /* YZDTestResultCell.swift in Sources */,
				9271C77624EB88780004E82B /* LoginVC.swift in Sources */,
				923DC76A24C6883500CCCADC /* TestWebViewVC.swift in Sources */,
				9271C77E24EBDCB80004E82B /* LiveVC.swift in Sources */,
				92631AED24BC0DD1005A534C /* YZDHomeworkDetailCell.swift in Sources */,
				923EC66524DD3B640090C577 /* TestCenterHomeVC.swift in Sources */,
				9271C76F24E7D76F0004E82B /* APHomeVC.swift in Sources */,
				922FB12424CA83E200830383 /* YZDTestResultDetailInfo.swift in Sources */,
				92631AFF24BDC3D1005A534C /* YZDTestAnswerVC.swift in Sources */,
				923EC66724DD3B880090C577 /* TestCenterHeaderView.swift in Sources */,
				92EE7EFC24B8570300BF4DF7 /* MyVC.swift in Sources */,
				928D0DBE2501DF3F0030FDAB /* TestCenterLocalChooseModel.swift in Sources */,
				92631AE724B86304005A534C /* YZDHomeworkDetailVC.swift in Sources */,
				92F874AA24C13C780063F8B1 /* YZDHomeworkNetwork.swift in Sources */,
				92EE7E3824B8058800BF4DF7 /* MyTemplateProject.xcdatamodeld in Sources */,
				92384510250F161E000B9BE1 /* MyStudyCoinCell.swift in Sources */,
				9248D89F24C593C9001C426C /* YZDHomeworkQuestionModel_optionsJson.swift in Sources */,
				9248D89D24C593C9001C426C /* YZDHomeworkQuestionModel_optionsMap.swift in Sources */,
				92631AE524B86304005A534C /* YZDHomeworkDetailHeaderView.swift in Sources */,
				92631AFB24BDC374005A534C /* YZDTestCollectionVC.swift in Sources */,
				92631B0324BDC4D3005A534C /* YZDTestRecordCell.swift in Sources */,
				92631B0524BDD023005A534C /* YZDTestResultCellTableViewCell.swift in Sources */,
				9238449E250B6A14000B9BE1 /* ChargeVC.swift in Sources */,
				92631AE424B86304005A534C /* YZDHomeworkCell.swift in Sources */,
				923844A0250B6A39000B9BE1 /* MyStudyCoinVC.swift in Sources */,
				9248D89624C57399001C426C /* YZDHomeworkChapterSectionModel_afterWorks.swift in Sources */,
				92631B3624BFF024005A534C /* MyNetwork.m in Sources */,
				9271C75D24E0E18B0004E82B /* TestCenterNetwork.swift in Sources */,
				9271C76924E53B760004E82B /* TestCenterAnswerVC.swift in Sources */,
			);
			runOnlyForDeploymentPostprocessing = 0;
		};
/* End PBXSourcesBuildPhase section */

/* Begin PBXVariantGroup section */
		92EE7E3324B8058800BF4DF7 /* Main.storyboard */ = {
			isa = PBXVariantGroup;
			children = (
				92EE7E3424B8058800BF4DF7 /* Base */,
			);
			name = Main.storyboard;
			sourceTree = "<group>";
		};
		92EE7E3B24B8058D00BF4DF7 /* LaunchScreen.storyboard */ = {
			isa = PBXVariantGroup;
			children = (
				92EE7E3C24B8058D00BF4DF7 /* Base */,
			);
			name = LaunchScreen.storyboard;
			sourceTree = "<group>";
		};
/* End PBXVariantGroup section */

/* Begin XCBuildConfiguration section */
		92EE7E3F24B8058D00BF4DF7 /* Debug */ = {
			isa = XCBuildConfiguration;
			buildSettings = {
				ALWAYS_SEARCH_USER_PATHS = NO;
				CLANG_ANALYZER_NONNULL = YES;
				CLANG_ANALYZER_NUMBER_OBJECT_CONVERSION = YES_AGGRESSIVE;
				CLANG_CXX_LANGUAGE_STANDARD = "gnu++14";
				CLANG_CXX_LIBRARY = "libc++";
				CLANG_ENABLE_MODULES = YES;
				CLANG_ENABLE_OBJC_ARC = YES;
				CLANG_ENABLE_OBJC_WEAK = YES;
				CLANG_WARN_BLOCK_CAPTURE_AUTORELEASING = YES;
				CLANG_WARN_BOOL_CONVERSION = YES;
				CLANG_WARN_COMMA = YES;
				CLANG_WARN_CONSTANT_CONVERSION = YES;
				CLANG_WARN_DEPRECATED_OBJC_IMPLEMENTATIONS = YES;
				CLANG_WARN_DIRECT_OBJC_ISA_USAGE = YES_ERROR;
				CLANG_WARN_DOCUMENTATION_COMMENTS = YES;
				CLANG_WARN_EMPTY_BODY = YES;
				CLANG_WARN_ENUM_CONVERSION = YES;
				CLANG_WARN_INFINITE_RECURSION = YES;
				CLANG_WARN_INT_CONVERSION = YES;
				CLANG_WARN_NON_LITERAL_NULL_CONVERSION = YES;
				CLANG_WARN_OBJC_IMPLICIT_RETAIN_SELF = YES;
				CLANG_WARN_OBJC_LITERAL_CONVERSION = YES;
				CLANG_WARN_OBJC_ROOT_CLASS = YES_ERROR;
				CLANG_WARN_QUOTED_INCLUDE_IN_FRAMEWORK_HEADER = YES;
				CLANG_WARN_RANGE_LOOP_ANALYSIS = YES;
				CLANG_WARN_STRICT_PROTOTYPES = YES;
				CLANG_WARN_SUSPICIOUS_MOVE = YES;
				CLANG_WARN_UNGUARDED_AVAILABILITY = YES_AGGRESSIVE;
				CLANG_WARN_UNREACHABLE_CODE = YES;
				CLANG_WARN__DUPLICATE_METHOD_MATCH = YES;
				COPY_PHASE_STRIP = NO;
				DEBUG_INFORMATION_FORMAT = dwarf;
				ENABLE_STRICT_OBJC_MSGSEND = YES;
				ENABLE_TESTABILITY = YES;
				GCC_C_LANGUAGE_STANDARD = gnu11;
				GCC_DYNAMIC_NO_PIC = NO;
				GCC_NO_COMMON_BLOCKS = YES;
				GCC_OPTIMIZATION_LEVEL = 0;
				GCC_PREPROCESSOR_DEFINITIONS = (
					"DEBUG=1",
					"$(inherited)",
				);
				GCC_WARN_64_TO_32_BIT_CONVERSION = YES;
				GCC_WARN_ABOUT_RETURN_TYPE = YES_ERROR;
				GCC_WARN_UNDECLARED_SELECTOR = YES;
				GCC_WARN_UNINITIALIZED_AUTOS = YES_AGGRESSIVE;
				GCC_WARN_UNUSED_FUNCTION = YES;
				GCC_WARN_UNUSED_VARIABLE = YES;
				IPHONEOS_DEPLOYMENT_TARGET = 13.5;
				MTL_ENABLE_DEBUG_INFO = INCLUDE_SOURCE;
				MTL_FAST_MATH = YES;
				ONLY_ACTIVE_ARCH = YES;
				SDKROOT = iphoneos;
				SWIFT_ACTIVE_COMPILATION_CONDITIONS = DEBUG;
				SWIFT_OPTIMIZATION_LEVEL = "-Onone";
			};
			name = Debug;
		};
		92EE7E4024B8058D00BF4DF7 /* Release */ = {
			isa = XCBuildConfiguration;
			buildSettings = {
				ALWAYS_SEARCH_USER_PATHS = NO;
				CLANG_ANALYZER_NONNULL = YES;
				CLANG_ANALYZER_NUMBER_OBJECT_CONVERSION = YES_AGGRESSIVE;
				CLANG_CXX_LANGUAGE_STANDARD = "gnu++14";
				CLANG_CXX_LIBRARY = "libc++";
				CLANG_ENABLE_MODULES = YES;
				CLANG_ENABLE_OBJC_ARC = YES;
				CLANG_ENABLE_OBJC_WEAK = YES;
				CLANG_WARN_BLOCK_CAPTURE_AUTORELEASING = YES;
				CLANG_WARN_BOOL_CONVERSION = YES;
				CLANG_WARN_COMMA = YES;
				CLANG_WARN_CONSTANT_CONVERSION = YES;
				CLANG_WARN_DEPRECATED_OBJC_IMPLEMENTATIONS = YES;
				CLANG_WARN_DIRECT_OBJC_ISA_USAGE = YES_ERROR;
				CLANG_WARN_DOCUMENTATION_COMMENTS = YES;
				CLANG_WARN_EMPTY_BODY = YES;
				CLANG_WARN_ENUM_CONVERSION = YES;
				CLANG_WARN_INFINITE_RECURSION = YES;
				CLANG_WARN_INT_CONVERSION = YES;
				CLANG_WARN_NON_LITERAL_NULL_CONVERSION = YES;
				CLANG_WARN_OBJC_IMPLICIT_RETAIN_SELF = YES;
				CLANG_WARN_OBJC_LITERAL_CONVERSION = YES;
				CLANG_WARN_OBJC_ROOT_CLASS = YES_ERROR;
				CLANG_WARN_QUOTED_INCLUDE_IN_FRAMEWORK_HEADER = YES;
				CLANG_WARN_RANGE_LOOP_ANALYSIS = YES;
				CLANG_WARN_STRICT_PROTOTYPES = YES;
				CLANG_WARN_SUSPICIOUS_MOVE = YES;
				CLANG_WARN_UNGUARDED_AVAILABILITY = YES_AGGRESSIVE;
				CLANG_WARN_UNREACHABLE_CODE = YES;
				CLANG_WARN__DUPLICATE_METHOD_MATCH = YES;
				COPY_PHASE_STRIP = NO;
				DEBUG_INFORMATION_FORMAT = "dwarf-with-dsym";
				ENABLE_NS_ASSERTIONS = NO;
				ENABLE_STRICT_OBJC_MSGSEND = YES;
				GCC_C_LANGUAGE_STANDARD = gnu11;
				GCC_NO_COMMON_BLOCKS = YES;
				GCC_WARN_64_TO_32_BIT_CONVERSION = YES;
				GCC_WARN_ABOUT_RETURN_TYPE = YES_ERROR;
				GCC_WARN_UNDECLARED_SELECTOR = YES;
				GCC_WARN_UNINITIALIZED_AUTOS = YES_AGGRESSIVE;
				GCC_WARN_UNUSED_FUNCTION = YES;
				GCC_WARN_UNUSED_VARIABLE = YES;
				IPHONEOS_DEPLOYMENT_TARGET = 13.5;
				MTL_ENABLE_DEBUG_INFO = NO;
				MTL_FAST_MATH = YES;
				SDKROOT = iphoneos;
				SWIFT_COMPILATION_MODE = wholemodule;
				SWIFT_OPTIMIZATION_LEVEL = "-O";
				VALIDATE_PRODUCT = YES;
			};
			name = Release;
		};
		92EE7E4224B8058D00BF4DF7 /* Debug */ = {
			isa = XCBuildConfiguration;
			baseConfigurationReference = 5DED31BCD404196FBE8CB7E0 /* Pods-MyTemplateProject.debug.xcconfig */;
			buildSettings = {
				ASSETCATALOG_COMPILER_APPICON_NAME = AppIcon;
				CLANG_ALLOW_NON_MODULAR_INCLUDES_IN_FRAMEWORK_MODULES = YES;
				CODE_SIGN_ENTITLEMENTS = MyTemplateProject/MyTemplateProject.entitlements;
				CODE_SIGN_STYLE = Automatic;
				CURRENT_PROJECT_VERSION = 1.1;
				DEVELOPMENT_TEAM = F6SCZ7JR3A;
				GCC_PREFIX_HEADER = "$(PROJECT_NAME)/PrefixHeader.pch";
				INFOPLIST_FILE = MyTemplateProject/Info.plist;
				IPHONEOS_DEPLOYMENT_TARGET = 12.0;
				LD_RUNPATH_SEARCH_PATHS = (
					"$(inherited)",
					"@executable_path/Frameworks",
				);
				MARKETING_VERSION = 1.0.0;
				PRODUCT_BUNDLE_IDENTIFIER = com.cunw.xinyunclassroom;
				PRODUCT_NAME = "$(TARGET_NAME)";
				SWIFT_OBJC_BRIDGING_HEADER = "$(PROJECT_NAME)/OC-bridge-header.h";
				SWIFT_VERSION = 5.0;
				TARGETED_DEVICE_FAMILY = "1,2";
			};
			name = Debug;
		};
		92EE7E4324B8058D00BF4DF7 /* Release */ = {
			isa = XCBuildConfiguration;
			baseConfigurationReference = EA9EC7382AF665F2C02C2AAE /* Pods-MyTemplateProject.release.xcconfig */;
			buildSettings = {
				ASSETCATALOG_COMPILER_APPICON_NAME = AppIcon;
				CLANG_ALLOW_NON_MODULAR_INCLUDES_IN_FRAMEWORK_MODULES = YES;
				CODE_SIGN_ENTITLEMENTS = MyTemplateProject/MyTemplateProject.entitlements;
				CODE_SIGN_STYLE = Automatic;
				CURRENT_PROJECT_VERSION = 1.1;
				DEVELOPMENT_TEAM = F6SCZ7JR3A;
				GCC_PREFIX_HEADER = "$(PROJECT_NAME)/PrefixHeader.pch";
				INFOPLIST_FILE = MyTemplateProject/Info.plist;
				IPHONEOS_DEPLOYMENT_TARGET = 12.0;
				LD_RUNPATH_SEARCH_PATHS = (
					"$(inherited)",
					"@executable_path/Frameworks",
				);
				MARKETING_VERSION = 1.0.0;
				PRODUCT_BUNDLE_IDENTIFIER = com.cunw.xinyunclassroom;
				PRODUCT_NAME = "$(TARGET_NAME)";
				SWIFT_OBJC_BRIDGING_HEADER = "$(PROJECT_NAME)/OC-bridge-header.h";
				SWIFT_VERSION = 5.0;
				TARGETED_DEVICE_FAMILY = "1,2";
			};
			name = Release;
		};
/* End XCBuildConfiguration section */

/* Begin XCConfigurationList section */
		92EE7E2524B8058800BF4DF7 /* Build configuration list for PBXProject "MyTemplateProject" */ = {
			isa = XCConfigurationList;
			buildConfigurations = (
				92EE7E3F24B8058D00BF4DF7 /* Debug */,
				92EE7E4024B8058D00BF4DF7 /* Release */,
			);
			defaultConfigurationIsVisible = 0;
			defaultConfigurationName = Release;
		};
		92EE7E4124B8058D00BF4DF7 /* Build configuration list for PBXNativeTarget "MyTemplateProject" */ = {
			isa = XCConfigurationList;
			buildConfigurations = (
				92EE7E4224B8058D00BF4DF7 /* Debug */,
				92EE7E4324B8058D00BF4DF7 /* Release */,
			);
			defaultConfigurationIsVisible = 0;
			defaultConfigurationName = Release;
		};
/* End XCConfigurationList section */

/* Begin XCVersionGroup section */
		92EE7E3624B8058800BF4DF7 /* MyTemplateProject.xcdatamodeld */ = {
			isa = XCVersionGroup;
			children = (
				92EE7E3724B8058800BF4DF7 /* MyTemplateProject.xcdatamodel */,
			);
			currentVersion = 92EE7E3724B8058800BF4DF7 /* MyTemplateProject.xcdatamodel */;
			path = MyTemplateProject.xcdatamodeld;
			sourceTree = "<group>";
			versionGroupType = wrapper.xcdatamodel;
		};
/* End XCVersionGroup section */
	};
	rootObject = 92EE7E2224B8058800BF4DF7 /* Project object */;
}
